
Microsoft Visual Studio Solution File, Format Version 12.00
# Visual Studio Version 16
VisualStudioVersion = 16.0.31424.327
MinimumVisualStudioVersion = 10.0.40219.1
Project("{9A19103F-16F7-4668-BE54-9A1E7A4F7556}") = "OnlineShopSolution.WebApp", "OnlineShopSolution.WebApp\OnlineShopSolution.WebApp.csproj", "{E5C04C7F-4836-4D8B-9319-7D5B78BA951D}"
EndProject
Project("{2150E333-8FDC-42A3-9474-1A3956D46DE8}") = "Solution Items", "Solution Items", "{1D9CCDA6-DEC5-4699-A192-9433B54DFCE5}"
	ProjectSection(SolutionItems) = preProject
		README.md = README.md
	EndProjectSection
EndProject
Project("{9A19103F-16F7-4668-BE54-9A1E7A4F7556}") = "OnlineShopSolution.Data", "OnlineShopSolution.Data\OnlineShopSolution.Data.csproj", "{D6B93814-CA24-4ECC-B7D3-7F04D2BDD3F4}"
EndProject
Project("{9A19103F-16F7-4668-BE54-9A1E7A4F7556}") = "OnlineShopSolution.Service", "OnlineShopSolution.Application\OnlineShopSolution.Service.csproj", "{7EC6F294-1FA0-4072-94E1-070EB011D4A0}"
EndProject
Project("{9A19103F-16F7-4668-BE54-9A1E7A4F7556}") = "OnlineShopSolution.Utilities", "OnlineShopSolution.Utilities\OnlineShopSolution.Utilities.csproj", "{C718EF51-7523-4B4D-AF29-1EFF95B730A2}"
EndProject
Project("{9A19103F-16F7-4668-BE54-9A1E7A4F7556}") = "OnlineShopSolution.Dtos", "OnlineShopSolution.Dtos\OnlineShopSolution.Dtos.csproj", "{60DFED04-9BCA-442D-B3C5-B1F173D949E9}"
EndProject
Project("{9A19103F-16F7-4668-BE54-9A1E7A4F7556}") = "OnlineShopSolution.API", "OnlineShopSolution.API\OnlineShopSolution.API.csproj", "{58AF3880-C14A-4251-85D8-B2F14E48A3E3}"
EndProject
Project("{2150E333-8FDC-42A3-9474-1A3956D46DE8}") = "Infrastructure", "Infrastructure", "{9852B789-0063-476D-8D39-4B8AAA0F82D6}"
EndProject
Project("{2150E333-8FDC-42A3-9474-1A3956D46DE8}") = "Domain", "Domain", "{2890D2E6-149D-4386-B550-EBED7B9DBBB9}"
EndProject
Project("{2150E333-8FDC-42A3-9474-1A3956D46DE8}") = "Hosts", "Hosts", "{1BB2E96C-98A7-4A55-8CB6-76A34EF3F004}"
EndProject
Project("{9A19103F-16F7-4668-BE54-9A1E7A4F7556}") = "OnineShopSolution.AdminApp", "OnineShopSolution.AdminApp\OnineShopSolution.AdminApp.csproj", "{F76F62EA-3B0E-4DA3-8721-F35A4FA41D1D}"
EndProject
Global
	GlobalSection(SolutionConfigurationPlatforms) = preSolution
		Debug|Any CPU = Debug|Any CPU
		Release|Any CPU = Release|Any CPU
	EndGlobalSection
	GlobalSection(ProjectConfigurationPlatforms) = postSolution
		{E5C04C7F-4836-4D8B-9319-7D5B78BA951D}.Debug|Any CPU.ActiveCfg = Debug|Any CPU
		{E5C04C7F-4836-4D8B-9319-7D5B78BA951D}.Debug|Any CPU.Build.0 = Debug|Any CPU
		{E5C04C7F-4836-4D8B-9319-7D5B78BA951D}.Release|Any CPU.ActiveCfg = Release|Any CPU
		{E5C04C7F-4836-4D8B-9319-7D5B78BA951D}.Release|Any CPU.Build.0 = Release|Any CPU
		{D6B93814-CA24-4ECC-B7D3-7F04D2BDD3F4}.Debug|Any CPU.ActiveCfg = Debug|Any CPU
		{D6B93814-CA24-4ECC-B7D3-7F04D2BDD3F4}.Debug|Any CPU.Build.0 = Debug|Any CPU
		{D6B93814-CA24-4ECC-B7D3-7F04D2BDD3F4}.Release|Any CPU.ActiveCfg = Release|Any CPU
		{D6B93814-CA24-4ECC-B7D3-7F04D2BDD3F4}.Release|Any CPU.Build.0 = Release|Any CPU
		{7EC6F294-1FA0-4072-94E1-070EB011D4A0}.Debug|Any CPU.ActiveCfg = Debug|Any CPU
		{7EC6F294-1FA0-4072-94E1-070EB011D4A0}.Debug|Any CPU.Build.0 = Debug|Any CPU
		{7EC6F294-1FA0-4072-94E1-070EB011D4A0}.Release|Any CPU.ActiveCfg = Release|Any CPU
		{7EC6F294-1FA0-4072-94E1-070EB011D4A0}.Release|Any CPU.Build.0 = Release|Any CPU
		{C718EF51-7523-4B4D-AF29-1EFF95B730A2}.Debug|Any CPU.ActiveCfg = Debug|Any CPU
		{C718EF51-7523-4B4D-AF29-1EFF95B730A2}.Debug|Any CPU.Build.0 = Debug|Any CPU
		{C718EF51-7523-4B4D-AF29-1EFF95B730A2}.Release|Any CPU.ActiveCfg = Release|Any CPU
		{C718EF51-7523-4B4D-AF29-1EFF95B730A2}.Release|Any CPU.Build.0 = Release|Any CPU
		{60DFED04-9BCA-442D-B3C5-B1F173D949E9}.Debug|Any CPU.ActiveCfg = Debug|Any CPU
		{60DFED04-9BCA-442D-B3C5-B1F173D949E9}.Debug|Any CPU.Build.0 = Debug|Any CPU
		{60DFED04-9BCA-442D-B3C5-B1F173D949E9}.Release|Any CPU.ActiveCfg = Release|Any CPU
		{60DFED04-9BCA-442D-B3C5-B1F173D949E9}.Release|Any CPU.Build.0 = Release|Any CPU
		{58AF3880-C14A-4251-85D8-B2F14E48A3E3}.Debug|Any CPU.ActiveCfg = Debug|Any CPU
		{58AF3880-C14A-4251-85D8-B2F14E48A3E3}.Debug|Any CPU.Build.0 = Debug|Any CPU
		{58AF3880-C14A-4251-85D8-B2F14E48A3E3}.Release|Any CPU.ActiveCfg = Release|Any CPU
		{58AF3880-C14A-4251-85D8-B2F14E48A3E3}.Release|Any CPU.Build.0 = Release|Any CPU
		{F76F62EA-3B0E-4DA3-8721-F35A4FA41D1D}.Debug|Any CPU.ActiveCfg = Debug|Any CPU
		{F76F62EA-3B0E-4DA3-8721-F35A4FA41D1D}.Debug|Any CPU.Build.0 = Debug|Any CPU
		{F76F62EA-3B0E-4DA3-8721-F35A4FA41D1D}.Release|Any CPU.ActiveCfg = Release|Any CPU
		{F76F62EA-3B0E-4DA3-8721-F35A4FA41D1D}.Release|Any CPU.Build.0 = Release|Any CPU
	EndGlobalSection
	GlobalSection(SolutionProperties) = preSolution
		HideSolutionNode = FALSE
	EndGlobalSection
	GlobalSection(NestedProjects) = preSolution
		{E5C04C7F-4836-4D8B-9319-7D5B78BA951D} = {1BB2E96C-98A7-4A55-8CB6-76A34EF3F004}
		{D6B93814-CA24-4ECC-B7D3-7F04D2BDD3F4} = {2890D2E6-149D-4386-B550-EBED7B9DBBB9}
		{7EC6F294-1FA0-4072-94E1-070EB011D4A0} = {2890D2E6-149D-4386-B550-EBED7B9DBBB9}
		{C718EF51-7523-4B4D-AF29-1EFF95B730A2} = {9852B789-0063-476D-8D39-4B8AAA0F82D6}
		{60DFED04-9BCA-442D-B3C5-B1F173D949E9} = {9852B789-0063-476D-8D39-4B8AAA0F82D6}
		{58AF3880-C14A-4251-85D8-B2F14E48A3E3} = {1BB2E96C-98A7-4A55-8CB6-76A34EF3F004}
		{F76F62EA-3B0E-4DA3-8721-F35A4FA41D1D} = {1BB2E96C-98A7-4A55-8CB6-76A34EF3F004}
	EndGlobalSection
	GlobalSection(ExtensibilityGlobals) = postSolution
		SolutionGuid = {6343E614-1BAB-45DC-B642-071F90BB6BEE}
	EndGlobalSection
EndGlobal
